// !$*UTF8*$!
{
	archiveVersion = 1;
	classes = {
	};
	objectVersion = 50;
	objects = {

/* Begin PBXBuildFile section */
		256C4F2925D7C1CB0044AEC0 /* AppDelegate.swift in Sources */ = {isa = PBXBuildFile; fileRef = 256C4F2825D7C1CB0044AEC0 /* AppDelegate.swift */; };
		256C4F2B25D7C1CB0044AEC0 /* SceneDelegate.swift in Sources */ = {isa = PBXBuildFile; fileRef = 256C4F2A25D7C1CB0044AEC0 /* SceneDelegate.swift */; };
		256C4F3025D7C1CB0044AEC0 /* Main.storyboard in Resources */ = {isa = PBXBuildFile; fileRef = 256C4F2E25D7C1CB0044AEC0 /* Main.storyboard */; };
		256C4F3325D7C1CB0044AEC0 /* UberTutorialMoya.xcdatamodeld in Sources */ = {isa = PBXBuildFile; fileRef = 256C4F3125D7C1CB0044AEC0 /* UberTutorialMoya.xcdatamodeld */; };
		256C4F3525D7C1CC0044AEC0 /* Assets.xcassets in Resources */ = {isa = PBXBuildFile; fileRef = 256C4F3425D7C1CC0044AEC0 /* Assets.xcassets */; };
		256C4F3825D7C1CC0044AEC0 /* LaunchScreen.storyboard in Resources */ = {isa = PBXBuildFile; fileRef = 256C4F3625D7C1CC0044AEC0 /* LaunchScreen.storyboard */; };
		256C4F4825D7C23C0044AEC0 /* LoginController.swift in Sources */ = {isa = PBXBuildFile; fileRef = 256C4F4725D7C23C0044AEC0 /* LoginController.swift */; };
		256C4F4B25D7C8CB0044AEC0 /* Extensions.swift in Sources */ = {isa = PBXBuildFile; fileRef = 256C4F4A25D7C8CB0044AEC0 /* Extensions.swift */; };
		256C4F5F25D7DEDF0044AEC0 /* SignUpController.swift in Sources */ = {isa = PBXBuildFile; fileRef = 256C4F5E25D7DEDF0044AEC0 /* SignUpController.swift */; };
		256C4F6225D8C1070044AEC0 /* AuthButton.swift in Sources */ = {isa = PBXBuildFile; fileRef = 256C4F6125D8C1070044AEC0 /* AuthButton.swift */; };
		256C4F6525D8C5D60044AEC0 /* GoogleService-Info.plist in Resources */ = {isa = PBXBuildFile; fileRef = 256C4F6425D8C5D60044AEC0 /* GoogleService-Info.plist */; };
		427321669564F4DB2C2BDB38 /* Pods_UberTutorialMoya.framework in Frameworks */ = {isa = PBXBuildFile; fileRef = EFCBF66EC663494DD71315F7 /* Pods_UberTutorialMoya.framework */; };
/* End PBXBuildFile section */

/* Begin PBXFileReference section */
		256C4F2525D7C1CB0044AEC0 /* UberTutorialMoya.app */ = {isa = PBXFileReference; explicitFileType = wrapper.application; includeInIndex = 0; path = UberTutorialMoya.app; sourceTree = BUILT_PRODUCTS_DIR; };
		256C4F2825D7C1CB0044AEC0 /* AppDelegate.swift */ = {isa = PBXFileReference; lastKnownFileType = sourcecode.swift; path = AppDelegate.swift; sourceTree = "<group>"; };
		256C4F2A25D7C1CB0044AEC0 /* SceneDelegate.swift */ = {isa = PBXFileReference; lastKnownFileType = sourcecode.swift; path = SceneDelegate.swift; sourceTree = "<group>"; };
		256C4F2F25D7C1CB0044AEC0 /* Base */ = {isa = PBXFileReference; lastKnownFileType = file.storyboard; name = Base; path = Base.lproj/Main.storyboard; sourceTree = "<group>"; };
		256C4F3225D7C1CB0044AEC0 /* UberTutorialMoya.xcdatamodel */ = {isa = PBXFileReference; lastKnownFileType = wrapper.xcdatamodel; path = UberTutorialMoya.xcdatamodel; sourceTree = "<group>"; };
		256C4F3425D7C1CC0044AEC0 /* Assets.xcassets */ = {isa = PBXFileReference; lastKnownFileType = folder.assetcatalog; path = Assets.xcassets; sourceTree = "<group>"; };
		256C4F3725D7C1CC0044AEC0 /* Base */ = {isa = PBXFileReference; lastKnownFileType = file.storyboard; name = Base; path = Base.lproj/LaunchScreen.storyboard; sourceTree = "<group>"; };
		256C4F3925D7C1CC0044AEC0 /* Info.plist */ = {isa = PBXFileReference; lastKnownFileType = text.plist.xml; path = Info.plist; sourceTree = "<group>"; };
		256C4F4725D7C23C0044AEC0 /* LoginController.swift */ = {isa = PBXFileReference; lastKnownFileType = sourcecode.swift; path = LoginController.swift; sourceTree = "<group>"; };
		256C4F4A25D7C8CB0044AEC0 /* Extensions.swift */ = {isa = PBXFileReference; lastKnownFileType = sourcecode.swift; path = Extensions.swift; sourceTree = "<group>"; };
		256C4F5E25D7DEDF0044AEC0 /* SignUpController.swift */ = {isa = PBXFileReference; lastKnownFileType = sourcecode.swift; path = SignUpController.swift; sourceTree = "<group>"; };
		256C4F6125D8C1070044AEC0 /* AuthButton.swift */ = {isa = PBXFileReference; lastKnownFileType = sourcecode.swift; path = AuthButton.swift; sourceTree = "<group>"; };
		256C4F6425D8C5D60044AEC0 /* GoogleService-Info.plist */ = {isa = PBXFileReference; lastKnownFileType = text.plist; path = "GoogleService-Info.plist"; sourceTree = SOURCE_ROOT; };
		71404F5B56D862909B0B667A /* Pods-UberTutorialMoya.release.xcconfig */ = {isa = PBXFileReference; includeInIndex = 1; lastKnownFileType = text.xcconfig; name = "Pods-UberTutorialMoya.release.xcconfig"; path = "Target Support Files/Pods-UberTutorialMoya/Pods-UberTutorialMoya.release.xcconfig"; sourceTree = "<group>"; };
		E8D3FDC3E3589BAF664AC6AB /* Pods-UberTutorialMoya.debug.xcconfig */ = {isa = PBXFileReference; includeInIndex = 1; lastKnownFileType = text.xcconfig; name = "Pods-UberTutorialMoya.debug.xcconfig"; path = "Target Support Files/Pods-UberTutorialMoya/Pods-UberTutorialMoya.debug.xcconfig"; sourceTree = "<group>"; };
		EFCBF66EC663494DD71315F7 /* Pods_UberTutorialMoya.framework */ = {isa = PBXFileReference; explicitFileType = wrapper.framework; includeInIndex = 0; path = Pods_UberTutorialMoya.framework; sourceTree = BUILT_PRODUCTS_DIR; };
/* End PBXFileReference section */

/* Begin PBXFrameworksBuildPhase section */
		256C4F2225D7C1CB0044AEC0 /* Frameworks */ = {
			isa = PBXFrameworksBuildPhase;
			buildActionMask = 2147483647;
			files = (
				427321669564F4DB2C2BDB38 /* Pods_UberTutorialMoya.framework in Frameworks */,
			);
			runOnlyForDeploymentPostprocessing = 0;
		};
/* End PBXFrameworksBuildPhase section */

/* Begin PBXGroup section */
		1264037C45E4D57D8A452DCD /* Pods */ = {
			isa = PBXGroup;
			children = (
				E8D3FDC3E3589BAF664AC6AB /* Pods-UberTutorialMoya.debug.xcconfig */,
				71404F5B56D862909B0B667A /* Pods-UberTutorialMoya.release.xcconfig */,
			);
			name = Pods;
			path = Pods;
			sourceTree = "<group>";
		};
		256C4F1C25D7C1CB0044AEC0 = {
			isa = PBXGroup;
			children = (
				256C4F2725D7C1CB0044AEC0 /* UberTutorialMoya */,
				256C4F2625D7C1CB0044AEC0 /* Products */,
				1264037C45E4D57D8A452DCD /* Pods */,
				C255619D08F273B2E4EB09FF /* Frameworks */,
			);
			sourceTree = "<group>";
		};
		256C4F2625D7C1CB0044AEC0 /* Products */ = {
			isa = PBXGroup;
			children = (
				256C4F2525D7C1CB0044AEC0 /* UberTutorialMoya.app */,
			);
			name = Products;
			sourceTree = "<group>";
		};
		256C4F2725D7C1CB0044AEC0 /* UberTutorialMoya */ = {
			isa = PBXGroup;
			children = (
				256C4F4425D7C1ED0044AEC0 /* Model */,
				256C4F4325D7C1EB0044AEC0 /* View */,
				256C4F4225D7C1EA0044AEC0 /* Controller */,
				256C4F4125D7C1E90044AEC0 /* Service */,
				256C4F4025D7C1E40044AEC0 /* Utils */,
				256C4F2825D7C1CB0044AEC0 /* AppDelegate.swift */,
				256C4F2A25D7C1CB0044AEC0 /* SceneDelegate.swift */,
				256C4F2E25D7C1CB0044AEC0 /* Main.storyboard */,
				256C4F3425D7C1CC0044AEC0 /* Assets.xcassets */,
				256C4F3625D7C1CC0044AEC0 /* LaunchScreen.storyboard */,
				256C4F3925D7C1CC0044AEC0 /* Info.plist */,
				256C4F6425D8C5D60044AEC0 /* GoogleService-Info.plist */,
				256C4F3125D7C1CB0044AEC0 /* UberTutorialMoya.xcdatamodeld */,
			);
			path = UberTutorialMoya;
			sourceTree = "<group>";
		};
		256C4F4025D7C1E40044AEC0 /* Utils */ = {
			isa = PBXGroup;
			children = (
				256C4F4A25D7C8CB0044AEC0 /* Extensions.swift */,
			);
			path = Utils;
			sourceTree = "<group>";
		};
		256C4F4125D7C1E90044AEC0 /* Service */ = {
			isa = PBXGroup;
			children = (
			);
			path = Service;
			sourceTree = "<group>";
		};
		256C4F4225D7C1EA0044AEC0 /* Controller */ = {
			isa = PBXGroup;
			children = (
				256C4F4725D7C23C0044AEC0 /* LoginController.swift */,
				256C4F5E25D7DEDF0044AEC0 /* SignUpController.swift */,
			);
			path = Controller;
			sourceTree = "<group>";
		};
		256C4F4325D7C1EB0044AEC0 /* View */ = {
			isa = PBXGroup;
			children = (
				256C4F6125D8C1070044AEC0 /* AuthButton.swift */,
			);
			path = View;
			sourceTree = "<group>";
		};
		256C4F4425D7C1ED0044AEC0 /* Model */ = {
			isa = PBXGroup;
			children = (
			);
			path = Model;
			sourceTree = "<group>";
		};
		C255619D08F273B2E4EB09FF /* Frameworks */ = {
			isa = PBXGroup;
			children = (
				EFCBF66EC663494DD71315F7 /* Pods_UberTutorialMoya.framework */,
			);
			name = Frameworks;
			sourceTree = "<group>";
		};
/* End PBXGroup section */

/* Begin PBXNativeTarget section */
		256C4F2425D7C1CB0044AEC0 /* UberTutorialMoya */ = {
			isa = PBXNativeTarget;
			buildConfigurationList = 256C4F3C25D7C1CC0044AEC0 /* Build configuration list for PBXNativeTarget "UberTutorialMoya" */;
			buildPhases = (
				00E1097634F7BB2CB95E6B47 /* [CP] Check Pods Manifest.lock */,
				256C4F2125D7C1CB0044AEC0 /* Sources */,
				256C4F2225D7C1CB0044AEC0 /* Frameworks */,
				256C4F2325D7C1CB0044AEC0 /* Resources */,
				E6AD6F0A69947C939DFA76E6 /* [CP] Embed Pods Frameworks */,
			);
			buildRules = (
			);
			dependencies = (
			);
			name = UberTutorialMoya;
			productName = UberTutorialMoya;
			productReference = 256C4F2525D7C1CB0044AEC0 /* UberTutorialMoya.app */;
			productType = "com.apple.product-type.application";
		};
/* End PBXNativeTarget section */

/* Begin PBXProject section */
		256C4F1D25D7C1CB0044AEC0 /* Project object */ = {
			isa = PBXProject;
			attributes = {
				LastSwiftUpdateCheck = 1240;
				LastUpgradeCheck = 1240;
				TargetAttributes = {
					256C4F2425D7C1CB0044AEC0 = {
						CreatedOnToolsVersion = 12.4;
					};
				};
			};
			buildConfigurationList = 256C4F2025D7C1CB0044AEC0 /* Build configuration list for PBXProject "UberTutorialMoya" */;
			compatibilityVersion = "Xcode 9.3";
			developmentRegion = en;
			hasScannedForEncodings = 0;
			knownRegions = (
				en,
				Base,
			);
			mainGroup = 256C4F1C25D7C1CB0044AEC0;
			productRefGroup = 256C4F2625D7C1CB0044AEC0 /* Products */;
			projectDirPath = "";
			projectRoot = "";
			targets = (
				256C4F2425D7C1CB0044AEC0 /* UberTutorialMoya */,
			);
		};
/* End PBXProject section */

/* Begin PBXResourcesBuildPhase section */
		256C4F2325D7C1CB0044AEC0 /* Resources */ = {
			isa = PBXResourcesBuildPhase;
			buildActionMask = 2147483647;
			files = (
				256C4F3825D7C1CC0044AEC0 /* LaunchScreen.storyboard in Resources */,
				256C4F6525D8C5D60044AEC0 /* GoogleService-Info.plist in Resources */,
				256C4F3525D7C1CC0044AEC0 /* Assets.xcassets in Resources */,
				256C4F3025D7C1CB0044AEC0 /* Main.storyboard in Resources */,
			);
			runOnlyForDeploymentPostprocessing = 0;
		};
/* End PBXResourcesBuildPhase section */

/* Begin PBXShellScriptBuildPhase section */
		00E1097634F7BB2CB95E6B47 /* [CP] Check Pods Manifest.lock */ = {
			isa = PBXShellScriptBuildPhase;
			buildActionMask = 2147483647;
			files = (
			);
			inputFileListPaths = (
			);
			inputPaths = (
				"${PODS_PODFILE_DIR_PATH}/Podfile.lock",
				"${PODS_ROOT}/Manifest.lock",
			);
			name = "[CP] Check Pods Manifest.lock";
			outputFileListPaths = (
			);
			outputPaths = (
				"$(DERIVED_FILE_DIR)/Pods-UberTutorialMoya-checkManifestLockResult.txt",
			);
			runOnlyForDeploymentPostprocessing = 0;
			shellPath = /bin/sh;
			shellScript = "diff \"${PODS_PODFILE_DIR_PATH}/Podfile.lock\" \"${PODS_ROOT}/Manifest.lock\" > /dev/null\nif [ $? != 0 ] ; then\n    # print error to STDERR\n    echo \"error: The sandbox is not in sync with the Podfile.lock. Run 'pod install' or update your CocoaPods installation.\" >&2\n    exit 1\nfi\n# This output is used by Xcode 'outputs' to avoid re-running this script phase.\necho \"SUCCESS\" > \"${SCRIPT_OUTPUT_FILE_0}\"\n";
			showEnvVarsInLog = 0;
		};
		E6AD6F0A69947C939DFA76E6 /* [CP] Embed Pods Frameworks */ = {
			isa = PBXShellScriptBuildPhase;
			buildActionMask = 2147483647;
			files = (
			);
			inputFileListPaths = (
				"${PODS_ROOT}/Target Support Files/Pods-UberTutorialMoya/Pods-UberTutorialMoya-frameworks-${CONFIGURATION}-input-files.xcfilelist",
			);
			name = "[CP] Embed Pods Frameworks";
			outputFileListPaths = (
				"${PODS_ROOT}/Target Support Files/Pods-UberTutorialMoya/Pods-UberTutorialMoya-frameworks-${CONFIGURATION}-output-files.xcfilelist",
			);
			runOnlyForDeploymentPostprocessing = 0;
			shellPath = /bin/sh;
			shellScript = "\"${PODS_ROOT}/Target Support Files/Pods-UberTutorialMoya/Pods-UberTutorialMoya-frameworks.sh\"\n";
			showEnvVarsInLog = 0;
		};
/* End PBXShellScriptBuildPhase section */

/* Begin PBXSourcesBuildPhase section */
		256C4F2125D7C1CB0044AEC0 /* Sources */ = {
			isa = PBXSourcesBuildPhase;
			buildActionMask = 2147483647;
			files = (
				256C4F4B25D7C8CB0044AEC0 /* Extensions.swift in Sources */,
				256C4F6225D8C1070044AEC0 /* AuthButton.swift in Sources */,
				256C4F3325D7C1CB0044AEC0 /* UberTutorialMoya.xcdatamodeld in Sources */,
				256C4F4825D7C23C0044AEC0 /* LoginController.swift in Sources */,
				256C4F2925D7C1CB0044AEC0 /* AppDelegate.swift in Sources */,
				256C4F2B25D7C1CB0044AEC0 /* SceneDelegate.swift in Sources */,
				256C4F5F25D7DEDF0044AEC0 /* SignUpController.swift in Sources */,
			);
			runOnlyForDeploymentPostprocessing = 0;
		};
/* End PBXSourcesBuildPhase section */

/* Begin PBXVariantGroup section */
		256C4F2E25D7C1CB0044AEC0 /* Main.storyboard */ = {
			isa = PBXVariantGroup;
			children = (
				256C4F2F25D7C1CB0044AEC0 /* Base */,
			);
			name = Main.storyboard;
			sourceTree = "<group>";
		};
		256C4F3625D7C1CC0044AEC0 /* LaunchScreen.storyboard */ = {
			isa = PBXVariantGroup;
			children = (
				256C4F3725D7C1CC0044AEC0 /* Base */,
			);
			name = LaunchScreen.storyboard;
			sourceTree = "<group>";
		};
/* End PBXVariantGroup section */

/* Begin XCBuildConfiguration section */
		256C4F3A25D7C1CC0044AEC0 /* Debug */ = {
			isa = XCBuildConfiguration;
			buildSettings = {
				ALWAYS_SEARCH_USER_PATHS = NO;
				CLANG_ANALYZER_NONNULL = YES;
				CLANG_ANALYZER_NUMBER_OBJECT_CONVERSION = YES_AGGRESSIVE;
				CLANG_CXX_LANGUAGE_STANDARD = "gnu++14";
				CLANG_CXX_LIBRARY = "libc++";
				CLANG_ENABLE_MODULES = YES;
				CLANG_ENABLE_OBJC_ARC = YES;
				CLANG_ENABLE_OBJC_WEAK = YES;
				CLANG_WARN_BLOCK_CAPTURE_AUTORELEASING = YES;
				CLANG_WARN_BOOL_CONVERSION = YES;
				CLANG_WARN_COMMA = YES;
				CLANG_WARN_CONSTANT_CONVERSION = YES;
				CLANG_WARN_DEPRECATED_OBJC_IMPLEMENTATIONS = YES;
				CLANG_WARN_DIRECT_OBJC_ISA_USAGE = YES_ERROR;
				CLANG_WARN_DOCUMENTATION_COMMENTS = YES;
				CLANG_WARN_EMPTY_BODY = YES;
				CLANG_WARN_ENUM_CONVERSION = YES;
				CLANG_WARN_INFINITE_RECURSION = YES;
				CLANG_WARN_INT_CONVERSION = YES;
				CLANG_WARN_NON_LITERAL_NULL_CONVERSION = YES;
				CLANG_WARN_OBJC_IMPLICIT_RETAIN_SELF = YES;
				CLANG_WARN_OBJC_LITERAL_CONVERSION = YES;
				CLANG_WARN_OBJC_ROOT_CLASS = YES_ERROR;
				CLANG_WARN_QUOTED_INCLUDE_IN_FRAMEWORK_HEADER = YES;
				CLANG_WARN_RANGE_LOOP_ANALYSIS = YES;
				CLANG_WARN_STRICT_PROTOTYPES = YES;
				CLANG_WARN_SUSPICIOUS_MOVE = YES;
				CLANG_WARN_UNGUARDED_AVAILABILITY = YES_AGGRESSIVE;
				CLANG_WARN_UNREACHABLE_CODE = YES;
				CLANG_WARN__DUPLICATE_METHOD_MATCH = YES;
				COPY_PHASE_STRIP = NO;
				DEBUG_INFORMATION_FORMAT = dwarf;
				ENABLE_STRICT_OBJC_MSGSEND = YES;
				ENABLE_TESTABILITY = YES;
				GCC_C_LANGUAGE_STANDARD = gnu11;
				GCC_DYNAMIC_NO_PIC = NO;
				GCC_NO_COMMON_BLOCKS = YES;
				GCC_OPTIMIZATION_LEVEL = 0;
				GCC_PREPROCESSOR_DEFINITIONS = (
					"DEBUG=1",
					"$(inherited)",
				);
				GCC_WARN_64_TO_32_BIT_CONVERSION = YES;
				GCC_WARN_ABOUT_RETURN_TYPE = YES_ERROR;
				GCC_WARN_UNDECLARED_SELECTOR = YES;
				GCC_WARN_UNINITIALIZED_AUTOS = YES_AGGRESSIVE;
				GCC_WARN_UNUSED_FUNCTION = YES;
				GCC_WARN_UNUSED_VARIABLE = YES;
				IPHONEOS_DEPLOYMENT_TARGET = 14.4;
				MTL_ENABLE_DEBUG_INFO = INCLUDE_SOURCE;
				MTL_FAST_MATH = YES;
				ONLY_ACTIVE_ARCH = YES;
				SDKROOT = iphoneos;
				SWIFT_ACTIVE_COMPILATION_CONDITIONS = DEBUG;
				SWIFT_OPTIMIZATION_LEVEL = "-Onone";
			};
			name = Debug;
		};
		256C4F3B25D7C1CC0044AEC0 /* Release */ = {
			isa = XCBuildConfiguration;
			buildSettings = {
				ALWAYS_SEARCH_USER_PATHS = NO;
				CLANG_ANALYZER_NONNULL = YES;
				CLANG_ANALYZER_NUMBER_OBJECT_CONVERSION = YES_AGGRESSIVE;
				CLANG_CXX_LANGUAGE_STANDARD = "gnu++14";
				CLANG_CXX_LIBRARY = "libc++";
				CLANG_ENABLE_MODULES = YES;
				CLANG_ENABLE_OBJC_ARC = YES;
				CLANG_ENABLE_OBJC_WEAK = YES;
				CLANG_WARN_BLOCK_CAPTURE_AUTORELEASING = YES;
				CLANG_WARN_BOOL_CONVERSION = YES;
				CLANG_WARN_COMMA = YES;
				CLANG_WARN_CONSTANT_CONVERSION = YES;
				CLANG_WARN_DEPRECATED_OBJC_IMPLEMENTATIONS = YES;
				CLANG_WARN_DIRECT_OBJC_ISA_USAGE = YES_ERROR;
				CLANG_WARN_DOCUMENTATION_COMMENTS = YES;
				CLANG_WARN_EMPTY_BODY = YES;
				CLANG_WARN_ENUM_CONVERSION = YES;
				CLANG_WARN_INFINITE_RECURSION = YES;
				CLANG_WARN_INT_CONVERSION = YES;
				CLANG_WARN_NON_LITERAL_NULL_CONVERSION = YES;
				CLANG_WARN_OBJC_IMPLICIT_RETAIN_SELF = YES;
				CLANG_WARN_OBJC_LITERAL_CONVERSION = YES;
				CLANG_WARN_OBJC_ROOT_CLASS = YES_ERROR;
				CLANG_WARN_QUOTED_INCLUDE_IN_FRAMEWORK_HEADER = YES;
				CLANG_WARN_RANGE_LOOP_ANALYSIS = YES;
				CLANG_WARN_STRICT_PROTOTYPES = YES;
				CLANG_WARN_SUSPICIOUS_MOVE = YES;
				CLANG_WARN_UNGUARDED_AVAILABILITY = YES_AGGRESSIVE;
				CLANG_WARN_UNREACHABLE_CODE = YES;
				CLANG_WARN__DUPLICATE_METHOD_MATCH = YES;
				COPY_PHASE_STRIP = NO;
				DEBUG_INFORMATION_FORMAT = "dwarf-with-dsym";
				ENABLE_NS_ASSERTIONS = NO;
				ENABLE_STRICT_OBJC_MSGSEND = YES;
				GCC_C_LANGUAGE_STANDARD = gnu11;
				GCC_NO_COMMON_BLOCKS = YES;
				GCC_WARN_64_TO_32_BIT_CONVERSION = YES;
				GCC_WARN_ABOUT_RETURN_TYPE = YES_ERROR;
				GCC_WARN_UNDECLARED_SELECTOR = YES;
				GCC_WARN_UNINITIALIZED_AUTOS = YES_AGGRESSIVE;
				GCC_WARN_UNUSED_FUNCTION = YES;
				GCC_WARN_UNUSED_VARIABLE = YES;
				IPHONEOS_DEPLOYMENT_TARGET = 14.4;
				MTL_ENABLE_DEBUG_INFO = NO;
				MTL_FAST_MATH = YES;
				SDKROOT = iphoneos;
				SWIFT_COMPILATION_MODE = wholemodule;
				SWIFT_OPTIMIZATION_LEVEL = "-O";
				VALIDATE_PRODUCT = YES;
			};
			name = Release;
		};
		256C4F3D25D7C1CC0044AEC0 /* Debug */ = {
			isa = XCBuildConfiguration;
			baseConfigurationReference = E8D3FDC3E3589BAF664AC6AB /* Pods-UberTutorialMoya.debug.xcconfig */;
			buildSettings = {
				ASSETCATALOG_COMPILER_APPICON_NAME = AppIcon;
				ASSETCATALOG_COMPILER_GLOBAL_ACCENT_COLOR_NAME = AccentColor;
				CODE_SIGN_STYLE = Automatic;
				DEVELOPMENT_TEAM = 5WAUHBZJ8Z;
				INFOPLIST_FILE = UberTutorialMoya/Info.plist;
				LD_RUNPATH_SEARCH_PATHS = (
					"$(inherited)",
					"@executable_path/Frameworks",
				);
				PRODUCT_BUNDLE_IDENTIFIER = com.UberTutorialMoya;
				PRODUCT_NAME = "$(TARGET_NAME)";
				SWIFT_VERSION = 5.0;
				TARGETED_DEVICE_FAMILY = "1,2";
			};
			name = Debug;
		};
		256C4F3E25D7C1CC0044AEC0 /* Release */ = {
			isa = XCBuildConfiguration;
			baseConfigurationReference = 71404F5B56D862909B0B667A /* Pods-UberTutorialMoya.release.xcconfig */;
			buildSettings = {
				ASSETCATALOG_COMPILER_APPICON_NAME = AppIcon;
				ASSETCATALOG_COMPILER_GLOBAL_ACCENT_COLOR_NAME = AccentColor;
				CODE_SIGN_STYLE = Automatic;
				DEVELOPMENT_TEAM = 5WAUHBZJ8Z;
				INFOPLIST_FILE = UberTutorialMoya/Info.plist;
				LD_RUNPATH_SEARCH_PATHS = (
					"$(inherited)",
					"@executable_path/Frameworks",
				);
				PRODUCT_BUNDLE_IDENTIFIER = com.UberTutorialMoya;
				PRODUCT_NAME = "$(TARGET_NAME)";
				SWIFT_VERSION = 5.0;
				TARGETED_DEVICE_FAMILY = "1,2";
			};
			name = Release;
		};
/* End XCBuildConfiguration section */

/* Begin XCConfigurationList section */
		256C4F2025D7C1CB0044AEC0 /* Build configuration list for PBXProject "UberTutorialMoya" */ = {
			isa = XCConfigurationList;
			buildConfigurations = (
				256C4F3A25D7C1CC0044AEC0 /* Debug */,
				256C4F3B25D7C1CC0044AEC0 /* Release */,
			);
			defaultConfigurationIsVisible = 0;
			defaultConfigurationName = Release;
		};
		256C4F3C25D7C1CC0044AEC0 /* Build configuration list for PBXNativeTarget "UberTutorialMoya" */ = {
			isa = XCConfigurationList;
			buildConfigurations = (
				256C4F3D25D7C1CC0044AEC0 /* Debug */,
				256C4F3E25D7C1CC0044AEC0 /* Release */,
			);
			defaultConfigurationIsVisible = 0;
			defaultConfigurationName = Release;
		};
/* End XCConfigurationList section */

/* Begin XCVersionGroup section */
		256C4F3125D7C1CB0044AEC0 /* UberTutorialMoya.xcdatamodeld */ = {
			isa = XCVersionGroup;
			children = (
				256C4F3225D7C1CB0044AEC0 /* UberTutorialMoya.xcdatamodel */,
			);
			currentVersion = 256C4F3225D7C1CB0044AEC0 /* UberTutorialMoya.xcdatamodel */;
			path = UberTutorialMoya.xcdatamodeld;
			sourceTree = "<group>";
			versionGroupType = wrapper.xcdatamodel;
		};
/* End XCVersionGroup section */
	};
	rootObject = 256C4F1D25D7C1CB0044AEC0 /* Project object */;
}
